
Microsoft Visual Studio Solution File, Format Version 12.00
# Visual Studio Version 16
VisualStudioVersion = 16.0.29230.47
MinimumVisualStudioVersion = 10.0.40219.1
Project("{FAE04EC0-301F-11D3-BF4B-00C04F79EFBC}") = "talTilTekst", "talTilTekst\talTilTekst.csproj", "{0326B7CA-5B55-455B-9A38-30C75980A72A}"
EndProject
Global
	GlobalSection(SolutionConfigurationPlatforms) = preSolution
		Debug|Any CPU = Debug|Any CPU
		Release|Any CPU = Release|Any CPU
	EndGlobalSection
	GlobalSection(ProjectConfigurationPlatforms) = postSolution
		{0326B7CA-5B55-455B-9A38-30C75980A72A}.Debug|Any CPU.ActiveCfg = Debug|Any CPU
		{0326B7CA-5B55-455B-9A38-30C75980A72A}.Debug|Any CPU.Build.0 = Debug|Any CPU
		{0326B7CA-5B55-455B-9A38-30C75980A72A}.Release|Any CPU.ActiveCfg = Release|Any CPU
		{0326B7CA-5B55-455B-9A38-30C75980A72A}.Release|Any CPU.Build.0 = Release|Any CPU
	EndGlobalSection
	GlobalSection(SolutionProperties) = preSolution
		HideSolutionNode = FALSE
	EndGlobalSection
	GlobalSection(ExtensibilityGlobals) = postSolution
		SolutionGuid = {7817224F-98E1-474C-B8B8-600C96E595BC}
	EndGlobalSection
EndGlobal
