
Microsoft Visual Studio Solution File, Format Version 12.00
# Visual Studio Version 16
VisualStudioVersion = 16.0.29230.47
MinimumVisualStudioVersion = 10.0.40219.1
Project("{FAE04EC0-301F-11D3-BF4B-00C04F79EFBC}") = "TicTacToe", "TicTacToe\TicTacToe.csproj", "{BE0DEF0B-4C2E-4786-9C3C-8527E7E8F910}"
EndProject
Global
	GlobalSection(SolutionConfigurationPlatforms) = preSolution
		Debug|Any CPU = Debug|Any CPU
		Release|Any CPU = Release|Any CPU
	EndGlobalSection
	GlobalSection(ProjectConfigurationPlatforms) = postSolution
		{BE0DEF0B-4C2E-4786-9C3C-8527E7E8F910}.Debug|Any CPU.ActiveCfg = Debug|Any CPU
		{BE0DEF0B-4C2E-4786-9C3C-8527E7E8F910}.Debug|Any CPU.Build.0 = Debug|Any CPU
		{BE0DEF0B-4C2E-4786-9C3C-8527E7E8F910}.Release|Any CPU.ActiveCfg = Release|Any CPU
		{BE0DEF0B-4C2E-4786-9C3C-8527E7E8F910}.Release|Any CPU.Build.0 = Release|Any CPU
	EndGlobalSection
	GlobalSection(SolutionProperties) = preSolution
		HideSolutionNode = FALSE
	EndGlobalSection
	GlobalSection(ExtensibilityGlobals) = postSolution
		SolutionGuid = {5F588258-4CC9-499F-B4EC-69D65C3A553F}
	EndGlobalSection
EndGlobal
