
Microsoft Visual Studio Solution File, Format Version 12.00
# Visual Studio Version 16
VisualStudioVersion = 16.0.29230.47
MinimumVisualStudioVersion = 10.0.40219.1
Project("{FAE04EC0-301F-11D3-BF4B-00C04F79EFBC}") = "RockPaperScissors", "RockPaperScissors\RockPaperScissors.csproj", "{823931C6-F5CC-4B8F-BF25-131F95586CC6}"
EndProject
Global
	GlobalSection(SolutionConfigurationPlatforms) = preSolution
		Debug|Any CPU = Debug|Any CPU
		Release|Any CPU = Release|Any CPU
	EndGlobalSection
	GlobalSection(ProjectConfigurationPlatforms) = postSolution
		{823931C6-F5CC-4B8F-BF25-131F95586CC6}.Debug|Any CPU.ActiveCfg = Debug|Any CPU
		{823931C6-F5CC-4B8F-BF25-131F95586CC6}.Debug|Any CPU.Build.0 = Debug|Any CPU
		{823931C6-F5CC-4B8F-BF25-131F95586CC6}.Release|Any CPU.ActiveCfg = Release|Any CPU
		{823931C6-F5CC-4B8F-BF25-131F95586CC6}.Release|Any CPU.Build.0 = Release|Any CPU
	EndGlobalSection
	GlobalSection(SolutionProperties) = preSolution
		HideSolutionNode = FALSE
	EndGlobalSection
	GlobalSection(ExtensibilityGlobals) = postSolution
		SolutionGuid = {A61F7F6E-7263-4340-BEA7-A355D5022D88}
	EndGlobalSection
EndGlobal
